{
  "version": 1,
  "dependencies": {
    "net11.0-windows7.0": {
      "Avalonia": {
        "type": "Direct",
        "requested": "[11.*, )",
        "resolved": "11.3.15",
        "contentHash": "ItV84a//zz0ZN622kc7n2awvFUsowep9iIUA3WpcnEEo5aq6wwf4YIIMFIJuvi+gS4pUMHcM4WLvdGduaKCbYg==",
        "dependencies": {
          "Avalonia.BuildServices": "11.3.2",
          "Avalonia.Remote.Protocol": "11.3.15",
          "MicroCom.Runtime": "0.11.0"
        }
      },
      "Avalonia.Desktop": {
        "type": "Direct",
        "requested": "[11.*, )",
        "resolved": "11.3.15",
        "contentHash": "+TkTQPwdtKMRAukibFmUARqZ2IKXpuxeDzQPvrsHhkase13Cv0JPmrbFXoRWQ6Qbue4ZvckMp2K3UQ/5+S+WgA==",
        "dependencies": {
          "Avalonia": "11.3.15",
          "Avalonia.Native": "11.3.15",
          "Avalonia.Skia": "11.3.15",
          "Avalonia.Win32": "11.3.15",
          "Avalonia.X11": "11.3.15"
        }
      },
      "Avalonia.Themes.Fluent": {
        "type": "Direct",
        "requested": "[11.*, )",
        "resolved": "11.3.15",
        "contentHash": "oNYwin6T1JJTUvW0anBH1FPXelw4hc5h6E+W7oF+9PEhAx+IPun0UY2+CSBbZ4IBh6BpEROQw+/9AbgI4ArViA==",
        "dependencies": {
          "Avalonia": "11.3.15"
        }
      },
      "CommunityToolkit.Mvvm": {
        "type": "Direct",
        "requested": "[8.*, )",
        "resolved": "8.4.2",
        "contentHash": "WadCzGEc2U+3e20avRLng4qNtt4zoOGWrdUISqJWrHe3/FSnrYjuM5Sb4yQb09LhkBXrrI4Zt3dLKgRMbItsrg=="
      },
      "Octokit": {
        "type": "Direct",
        "requested": "[13.*, )",
        "resolved": "13.0.1",
        "contentHash": "tjXTa2FXzbd3n17VWpi8UXe05EIJqHcWJW8C2kukftIve00duWiZL8x4i1vlZQ0zQ4RbRANbRc7J5K7Co/1spQ=="
      },
      "AssetsTools.NET": {
        "type": "Transitive",
        "resolved": "3.0.4",
        "contentHash": "NqYy5UIucwKwdkpamFTi8lr53hD+V8qQmbHzztQj1v4Pq1G4TjNlpkUWOhktTLBqBm4aPRaAkpFgB+3TDEuomw=="
      },
      "Avalonia.Angle.Windows.Natives": {
        "type": "Transitive",
        "resolved": "2.1.25547.20250602",
        "contentHash": "ZL0VLc4s9rvNNFt19Pxm5UNAkmKNylugAwJPX9ulXZ6JWs/l6XZihPWWTyezaoNOVyEPU8YbURtW7XMAtqXH5A=="
      },
      "Avalonia.BuildServices": {
        "type": "Transitive",
        "resolved": "11.3.2",
        "contentHash": "qHDToxto1e3hci5YqbG9n0Ty8mlp3zBUN5wT66wKqaDVzXyQ0do3EnRILd4Ke9jpvsktaPpgE0YjEk7hornryQ=="
      },
      "Avalonia.FreeDesktop": {
        "type": "Transitive",
        "resolved": "11.3.15",
        "contentHash": "ptTfDYQQznixERTJo7k6uYcsUKWIEOsmyOV3mG3YGokFmcdYIYwWsUrQxGoxvVXV0+hfR+jnWA2aPVxpuKroMg==",
        "dependencies": {
          "Avalonia": "11.3.15",
          "Tmds.DBus.Protocol": "0.21.3"
        }
      },
      "Avalonia.Native": {
        "type": "Transitive",
        "resolved": "11.3.15",
        "contentHash": "aeEtl0SjKW7aFXKfW6VFI/3xI3J0yS4vON7p9wahVakhiZF3QNRohqwQir0B00w+yEXKYAMBlcliZIdSuEy1Ww==",
        "dependencies": {
          "Avalonia": "11.3.15"
        }
      },
      "Avalonia.Remote.Protocol": {
        "type": "Transitive",
        "resolved": "11.3.15",
        "contentHash": "7XLBHWke50/b0ORVCTFQjbKbb5lnigsqVQHa4dtcgHOHsqNORYOs8wXOEWcdJDQFeIpJ3iqROBeZHaqMX8FaFA=="
      },
      "Avalonia.Skia": {
        "type": "Transitive",
        "resolved": "11.3.15",
        "contentHash": "K7vGPzV3aUCqPHREkOPwWMashUhEWAAUlI7zjCZeiffYQkFN++S3eIA9qFEgtcVS3Kgtkt5tEXzuv14tPXkxBQ==",
        "dependencies": {
          "Avalonia": "11.3.15",
          "HarfBuzzSharp": "8.3.1.1",
          "HarfBuzzSharp.NativeAssets.Linux": "8.3.1.1",
          "HarfBuzzSharp.NativeAssets.WebAssembly": "8.3.1.1",
          "SkiaSharp": "2.88.9",
          "SkiaSharp.NativeAssets.Linux": "2.88.9",
          "SkiaSharp.NativeAssets.WebAssembly": "2.88.9"
        }
      },
      "Avalonia.Win32": {
        "type": "Transitive",
        "resolved": "11.3.15",
        "contentHash": "784If+aBl1Nyx9tDlyUz7aFaCdwJtoYRCrcCwWK94nBrPKieuT4d0U2avhcg1rbhNZVGyT7hk5bzha5pIAtI2g==",
        "dependencies": {
          "Avalonia": "11.3.15",
          "Avalonia.Angle.Windows.Natives": "2.1.25547.20250602"
        }
      },
      "Avalonia.X11": {
        "type": "Transitive",
        "resolved": "11.3.15",
        "contentHash": "t9gquMB97bk1nLSzUWq/+Gz562tlA5Dq16aff0lqw1x/vp3JxG3qIgArxXdj3OlBLZXtMgmpOTWV4l5gsqJFoA==",
        "dependencies": {
          "Avalonia": "11.3.15",
          "Avalonia.FreeDesktop": "11.3.15",
          "Avalonia.Skia": "11.3.15"
        }
      },
      "HarfBuzzSharp": {
        "type": "Transitive",
        "resolved": "8.3.1.1",
        "contentHash": "tLZN66oe/uiRPTZfrCU4i8ScVGwqHNh5MHrXj0yVf4l7Mz0FhTGnQ71RGySROTmdognAs0JtluHkL41pIabWuQ==",
        "dependencies": {
          "HarfBuzzSharp.NativeAssets.Win32": "8.3.1.1",
          "HarfBuzzSharp.NativeAssets.macOS": "8.3.1.1"
        }
      },
      "HarfBuzzSharp.NativeAssets.Linux": {
        "type": "Transitive",
        "resolved": "8.3.1.1",
        "contentHash": "3EZ1mpIiKWRLL5hUYA82ZHteeDIVaEA/Z0rA/wU6tjx6crcAkJnBPwDXZugBSfo8+J3EznvRJf49uMsqYfKrHg=="
      },
      "HarfBuzzSharp.NativeAssets.macOS": {
        "type": "Transitive",
        "resolved": "8.3.1.1",
        "contentHash": "jbtCsgftcaFLCA13tVKo5iWdElJScrulLTKJre36O4YQTIlwDtPPqhRZNk+Y0vv4D1gxbscasGRucUDfS44ofQ=="
      },
      "HarfBuzzSharp.NativeAssets.WebAssembly": {
        "type": "Transitive",
        "resolved": "8.3.1.1",
        "contentHash": "loJweK2u/mH/3C2zBa0ggJlITIszOkK64HLAZB7FUT670dTg965whLFYHDQo69NmC4+d9UN0icLC9VHidXaVCA=="
      },
      "HarfBuzzSharp.NativeAssets.Win32": {
        "type": "Transitive",
        "resolved": "8.3.1.1",
        "contentHash": "UsJtQsfAJoFDZrXc4hCUfRPMqccfKZ0iumJ/upcUjz/cmsTgVFGNEL5yaJWmkqsuFYdMWbj/En5/kS4PFl9hBA=="
      },
      "MicroCom.Runtime": {
        "type": "Transitive",
        "resolved": "0.11.0",
        "contentHash": "MEnrZ3UIiH40hjzMDsxrTyi8dtqB5ziv3iBeeU4bXsL/7NLSal9F1lZKpK+tfBRnUoDSdtcW3KufE4yhATOMCA=="
      },
      "Microsoft.Bcl.TimeProvider": {
        "type": "Transitive",
        "resolved": "8.0.0",
        "contentHash": "f5Kr5JepAbiGo7uDmhgvMqhntwxqXNn6/IpTBSSI4cuHhgnJGrLxFRhMjVpRkLPp6zJXO0/G0l3j9p9zSJxa+w=="
      },
      "Namotion.Reflection": {
        "type": "Transitive",
        "resolved": "2.1.2",
        "contentHash": "7tSHAzX8GWKy0qrW6OgQWD7kAZiqzhq+m1503qczuwuK6ZYhOGCQUxw+F3F4KkRM70aB6RMslsRVSCFeouIehw=="
      },
      "Newtonsoft.Json": {
        "type": "Transitive",
        "resolved": "13.0.4",
        "contentHash": "pdgNNMai3zv51W5aq268sujXUyx7SNdE2bj1wZcWjAQrKMFZV260lbqYop1d2GM67JI1huLRwxo9ZqnfF/lC6A=="
      },
      "NJsonSchema": {
        "type": "Transitive",
        "resolved": "10.9.0",
        "contentHash": "IBPo6Srxn2MEcIFM3HdM4QImrJbsIeujENQyzHL2Pv6wLsKSYAyAEilecRqaLOhoy3snEiPLx7hhv7opbhOxKQ==",
        "dependencies": {
          "Namotion.Reflection": "2.1.2",
          "Newtonsoft.Json": "9.0.1"
        }
      },
      "SkiaSharp": {
        "type": "Transitive",
        "resolved": "2.88.9",
        "contentHash": "3MD5VHjXXieSHCleRLuaTXmL2pD0mB7CcOB1x2kA1I4bhptf4e3R27iM93264ZYuAq6mkUyX5XbcxnZvMJYc1Q==",
        "dependencies": {
          "SkiaSharp.NativeAssets.Win32": "2.88.9",
          "SkiaSharp.NativeAssets.macOS": "2.88.9"
        }
      },
      "SkiaSharp.NativeAssets.Linux": {
        "type": "Transitive",
        "resolved": "2.88.9",
        "contentHash": "cWSaJKVPWAaT/WIn9c8T5uT/l4ETwHxNJTkEOtNKjphNo8AW6TF9O32aRkxqw3l8GUdUo66Bu7EiqtFh/XG0Zg==",
        "dependencies": {
          "SkiaSharp": "2.88.9"
        }
      },
      "SkiaSharp.NativeAssets.macOS": {
        "type": "Transitive",
        "resolved": "2.88.9",
        "contentHash": "Nv5spmKc4505Ep7oUoJ5vp3KweFpeNqxpyGDWyeEPTX2uR6S6syXIm3gj75dM0YJz7NPvcix48mR5laqs8dPuA=="
      },
      "SkiaSharp.NativeAssets.WebAssembly": {
        "type": "Transitive",
        "resolved": "2.88.9",
        "contentHash": "kt06RccBHSnAs2wDYdBSfsjIDbY3EpsOVqnlDgKdgvyuRA8ZFDaHRdWNx1VHjGgYzmnFCGiTJBnXFl5BqGwGnA=="
      },
      "SkiaSharp.NativeAssets.Win32": {
        "type": "Transitive",
        "resolved": "2.88.9",
        "contentHash": "wb2kYgU7iy84nQLYZwMeJXixvK++GoIuECjU4ECaUKNuflyRlJKyiRhN1MAHswvlvzuvkrjRWlK0Za6+kYQK7w=="
      },
      "Tmds.DBus.Protocol": {
        "type": "Transitive",
        "resolved": "0.21.3",
        "contentHash": "hDwB8WsQoyALQKqIbwzS68UKdlnafDm4T/DkO/JrA/YIneP/rKv96SxYPVXeh3FP4i/SXfShrYftKLtciJAIlw=="
      },
      "YamlDotNet": {
        "type": "Transitive",
        "resolved": "16.3.0",
        "contentHash": "SgMOdxbz8X65z8hraIs6hOEdnkH6hESTAIUa7viEngHOYaH+6q5XJmwr1+yb9vJpNQ19hCQY69xbFsLtXpobQA=="
      },
      "dinoforge.sdk": {
        "type": "Project",
        "dependencies": {
          "AssetsTools.NET": "[3.0.4, )",
          "Microsoft.Bcl.TimeProvider": "[8.0.0, )",
          "NJsonSchema": "[10.*, )",
          "Newtonsoft.Json": "[13.*, )",
          "YamlDotNet": "[16.*, )"
        }
      },
      "dinoforge.tools.installer": {
        "type": "Project",
        "dependencies": {
          "DINOForge.SDK": "[0.18.0, )",
          "Octokit": "[13.*, )"
        }
      }
    }
  }
}