# This file is automatically @generated by Cargo.
# It is not intended for manual editing.
version = 4

[[package]]
name = "civ-engine"
version = "0.1.0"

[[package]]
name = "civ-io"
version = "0.1.0"

[[package]]
name = "civ-metrics"
version = "0.1.0"

[[package]]
name = "civ-policy"
version = "0.1.0"

[[package]]
name = "civ-server"
version = "0.1.0"
dependencies = [
 "civ-engine",
 "civ-metrics",
 "civ-policy",
]
