{
  "version": 1,
  "dependencies": {
    "net11.0": {
      "Spectre.Console": {
        "type": "Direct",
        "requested": "[0.*, )",
        "resolved": "0.55.0",
        "contentHash": "2TVhUHFsDux0Z+y2Hv4bFsOMuON4SuotEEKkMparFkp5Rm259naaaEQrN4Sv6C1cbsiGKPjfkJDGgUp+hZPjTw==",
        "dependencies": {
          "Spectre.Console.Ansi": "0.55.0"
        }
      },
      "System.CommandLine": {
        "type": "Direct",
        "requested": "[2.*, )",
        "resolved": "2.0.5",
        "contentHash": "2XtWAPk1G6arpe3OCFNrYYuf6iIboznxs2elJSGgd8e0euou7LfGYFon6hBEfDWNtOLr0M3+oUVgy1a5EGa41A=="
      },
      "Newtonsoft.Json": {
        "type": "Transitive",
        "resolved": "13.0.4",
        "contentHash": "pdgNNMai3zv51W5aq268sujXUyx7SNdE2bj1wZcWjAQrKMFZV260lbqYop1d2GM67JI1huLRwxo9ZqnfF/lC6A=="
      },
      "Spectre.Console.Ansi": {
        "type": "Transitive",
        "resolved": "0.55.0",
        "contentHash": "GIfgOvuF8MpU52bprhwtDEtx0gmVIGOepM8bw0lH/TSMD0rg1Xp+5Y53kPG8rFVdcpbNANlhDQ5mEVVPO3/2Tg=="
      },
      "dinoforge.bridge.client": {
        "type": "Project",
        "dependencies": {
          "DINOForge.Bridge.Protocol": "[0.18.0, )",
          "Newtonsoft.Json": "[13.*, )"
        }
      },
      "dinoforge.bridge.protocol": {
        "type": "Project",
        "dependencies": {
          "Newtonsoft.Json": "[13.*, )"
        }
      }
    }
  }
}